
Microsoft Visual Studio Solution File, Format Version 12.00
# Visual Studio Version 17
VisualStudioVersion = 17.5.33530.505
MinimumVisualStudioVersion = 10.0.40219.1
Project("{FAE04EC0-301F-11D3-BF4B-00C04F79EFBC}") = "MoviesCatalog", "MoviesCatalog\MoviesCatalog.csproj", "{55C179ED-02F5-45EF-985C-30459D4B2E0F}"
EndProject
Global
	GlobalSection(SolutionConfigurationPlatforms) = preSolution
		Debug|Any CPU = Debug|Any CPU
		Release|Any CPU = Release|Any CPU
	EndGlobalSection
	GlobalSection(ProjectConfigurationPlatforms) = postSolution
		{55C179ED-02F5-45EF-985C-30459D4B2E0F}.Debug|Any CPU.ActiveCfg = Debug|Any CPU
		{55C179ED-02F5-45EF-985C-30459D4B2E0F}.Debug|Any CPU.Build.0 = Debug|Any CPU
		{55C179ED-02F5-45EF-985C-30459D4B2E0F}.Release|Any CPU.ActiveCfg = Release|Any CPU
		{55C179ED-02F5-45EF-985C-30459D4B2E0F}.Release|Any CPU.Build.0 = Release|Any CPU
	EndGlobalSection
	GlobalSection(SolutionProperties) = preSolution
		HideSolutionNode = FALSE
	EndGlobalSection
	GlobalSection(ExtensibilityGlobals) = postSolution
		SolutionGuid = {8231A412-2AFE-40C4-8A50-D2F12B60AB3A}
	EndGlobalSection
EndGlobal
